
Microsoft Visual Studio Solution File, Format Version 12.00
# Visual Studio Version 17
VisualStudioVersion = 17.8.34212.112
MinimumVisualStudioVersion = 10.0.40219.1
Project("{FAE04EC0-301F-11D3-BF4B-00C04F79EFBC}") = "PollyCoreConsole", "src\PollyCoreConsole\PollyCoreConsole.csproj", "{6A901CF4-BCF6-4021-A0C6-49D01B880BB0}"
EndProject
Project("{2150E333-8FDC-42A3-9474-1A3956D46DE8}") = "Solution Items", "Solution Items", "{60348894-4292-46F7-A502-C6543BF243E3}"
	ProjectSection(SolutionItems) = preProject
		.editorconfig = .editorconfig
		Directory.Build.props = Directory.Build.props
		global.json = global.json
		nuget.config = nuget.config
	EndProjectSection
EndProject
Global
	GlobalSection(SolutionConfigurationPlatforms) = preSolution
		Debug|Any CPU = Debug|Any CPU
		Release|Any CPU = Release|Any CPU
	EndGlobalSection
	GlobalSection(ProjectConfigurationPlatforms) = postSolution
		{6A901CF4-BCF6-4021-A0C6-49D01B880BB0}.Debug|Any CPU.ActiveCfg = Debug|Any CPU
		{6A901CF4-BCF6-4021-A0C6-49D01B880BB0}.Debug|Any CPU.Build.0 = Debug|Any CPU
		{6A901CF4-BCF6-4021-A0C6-49D01B880BB0}.Release|Any CPU.ActiveCfg = Release|Any CPU
		{6A901CF4-BCF6-4021-A0C6-49D01B880BB0}.Release|Any CPU.Build.0 = Release|Any CPU
	EndGlobalSection
	GlobalSection(SolutionProperties) = preSolution
		HideSolutionNode = FALSE
	EndGlobalSection
	GlobalSection(ExtensibilityGlobals) = postSolution
		SolutionGuid = {C5809A7D-68BF-4925-B539-D70751DF505E}
	EndGlobalSection
EndGlobal
